schema: '2.0'
stages:
  process:
    cmd: python src/process_data.py
    deps:
    - path: data/raw
      md5: 3ab2fa89af88fa75de21542ec710c4ba.dir
      size: 222379
      nfiles: 2
    - path: src/process_data.py
      md5: 9854ddc66604e1e1d8069586ac68b561
      size: 2817
    params:
      params.yaml:
        data:
          raw: data/raw/marketing_campaign.csv
          scaled: data/intermediate/scaled_data.pkl
          pca: data/intermediate/pca_data.pkl
          final: data/final/segmented_data.pkl
        process:
          name: process_3
          keep_columns:
          - Income
          - Recency
          - NumWebVisitsMonth
          - NumDealsPurchases
          - NumWebPurchases
          - NumCatalogPurchases
          - NumStorePurchases
          - Complain
          - Response
          - age
          - enrollment_years
          - family_size
          remove_outliers_threshold:
            age: 90
            Income: 600000
          encode:
            family_size:
              Married: 2
              Together: 2
              Absurd: 1
              Widow: 1
              YOLO: 1
              Divorced: 1
              Single: 1
              Alone: 1
    outs:
    - path: data/intermediate/scaled_data.pkl
      md5: 34f57e63b0ff8d66ef263ab1f342f0e3
      size: 213225
    - path: scaler
      md5: 8aecde394cbf7bc4517b00bea66af5ca.dir
      size: 1415
      nfiles: 1
  train:
    cmd: python src/segment.py
    deps:
    - path: data/intermediate/scaled_data.pkl
      md5: 34f57e63b0ff8d66ef263ab1f342f0e3
      size: 213225
    - path: src/segment.py
      md5: 28c1e90ba2af4c6fd8cad962bab234e4
      size: 2146
    params:
      params.yaml:
        data:
          raw: data/raw/marketing_campaign.csv
          scaled: data/intermediate/scaled_data.pkl
          pca: data/intermediate/pca_data.pkl
          final: data/final/segmented_data.pkl
        model: model/kmeans.pkl
        pca:
          n_components: 3
          columns:
          - col1
          - col2
          - col3
        scaler: scaler/standard_scaler.pkl
        segment:
          algorithm: KMeans
          args:
            n_init: auto
      dvclive/params.yaml:
        k: 2
    outs:
    - path: data/intermediate/pca_data.pkl
      md5: 9f826636b63af2c843dd0944b901c9e5
      size: 53793
    - path: image/elbow.png
      md5: e5289358bb6a854ac59c75868eeffa2e
      size: 61117
    - path: model/kmeans.pkl
      md5: d0482f156dfe9992f25f5dbb9b669fa4
      size: 10007
  evaluate:
    cmd: python src/evaluate.py
    deps:
    - path: data/intermediate
      md5: 6d59ad1d2ab25dcbf62f67aa61602261.dir
      size: 267018
      nfiles: 2
    - path: scaler
      md5: 8aecde394cbf7bc4517b00bea66af5ca.dir
      size: 1415
      nfiles: 1
    - path: src/evaluate.py
      md5: 1ace45e4d3de090ae6df2abb655dbc7f
      size: 2439
    params:
      params.yaml:
        data:
          raw: data/raw/marketing_campaign.csv
          scaled: data/intermediate/scaled_data.pkl
          pca: data/intermediate/pca_data.pkl
          final: data/final/segmented_data.pkl
        image:
          elbow: image/elbow.png
          clusters: image/cluster.png
        model: model/kmeans.pkl
        scaler: scaler/standard_scaler.pkl
    outs:
    - path: data/final
      md5: 209dc45313f4d9fefdcc5ed385dd0092.dir
      size: 222166
      nfiles: 1
    - path: dvclive/metrics.json
      md5: c7aeed39b81ce26fd293b1e4562cfad4
      size: 45
    - path: image/cluster.png
      md5: 944eacbbf2a720bb197a52c748b5d161
      size: 148465
